
Microsoft Visual Studio Solution File, Format Version 12.00
# Visual Studio Version 17
VisualStudioVersion = 17.2.32616.157
MinimumVisualStudioVersion = 10.0.40219.1
Project("{FAE04EC0-301F-11D3-BF4B-00C04F79EFBC}") = "Twitch watchman", "Twitch watchman\Twitch watchman.csproj", "{DC25C0EE-F216-4ED9-8B1E-EC0CBBBE5BF1}"
EndProject
Global
	GlobalSection(SolutionConfigurationPlatforms) = preSolution
		Debug|Any CPU = Debug|Any CPU
		Release|Any CPU = Release|Any CPU
	EndGlobalSection
	GlobalSection(ProjectConfigurationPlatforms) = postSolution
		{DC25C0EE-F216-4ED9-8B1E-EC0CBBBE5BF1}.Debug|Any CPU.ActiveCfg = Debug|Any CPU
		{DC25C0EE-F216-4ED9-8B1E-EC0CBBBE5BF1}.Debug|Any CPU.Build.0 = Debug|Any CPU
		{DC25C0EE-F216-4ED9-8B1E-EC0CBBBE5BF1}.Release|Any CPU.ActiveCfg = Release|Any CPU
		{DC25C0EE-F216-4ED9-8B1E-EC0CBBBE5BF1}.Release|Any CPU.Build.0 = Release|Any CPU
	EndGlobalSection
	GlobalSection(SolutionProperties) = preSolution
		HideSolutionNode = FALSE
	EndGlobalSection
	GlobalSection(ExtensibilityGlobals) = postSolution
		SolutionGuid = {3A9C3B37-082A-46BB-BCEA-07054ECB42CF}
	EndGlobalSection
EndGlobal
